
Microsoft Visual Studio Solution File, Format Version 12.00
# Visual Studio Version 17
VisualStudioVersion = 17.10.35013.160
MinimumVisualStudioVersion = 10.0.40219.1
Project("{9A19103F-16F7-4668-BE54-9A1E7A4F7556}") = "BestPractices.API", "BestPractices\BestPractices.API.csproj", "{382CCE41-5D41-49F7-91B0-7E3080A5B08D}"
EndProject
Project("{9A19103F-16F7-4668-BE54-9A1E7A4F7556}") = "BestPractices.Infraestructure", "BestPractices.Infraestructure\BestPractices.Infraestructure.csproj", "{B8F4E5A1-64FA-4F9C-AEE1-E4E3A5281804}"
EndProject
Project("{9A19103F-16F7-4668-BE54-9A1E7A4F7556}") = "BestPractices.Tests", "BestPractices.Tests\BestPractices.Tests.csproj", "{1FD4AD8A-309C-460C-A4DF-F37257C1ED31}"
EndProject
Project("{2150E333-8FDC-42A3-9474-1A3956D46DE8}") = "Src", "Src", "{EF120A42-D5DD-48E5-858E-A36033AF8AB0}"
EndProject
Project("{2150E333-8FDC-42A3-9474-1A3956D46DE8}") = "Presentation", "Presentation", "{3C83C3AB-37B1-4AEB-84C6-4CCA4B7665E1}"
EndProject
Project("{2150E333-8FDC-42A3-9474-1A3956D46DE8}") = "Infrastructure", "Infrastructure", "{B4A65BEE-9C5F-4D57-A4A6-5053977EFA86}"
EndProject
Project("{2150E333-8FDC-42A3-9474-1A3956D46DE8}") = "Core", "Core", "{93A51B10-97EE-4FEB-8D88-8972D2FE6447}"
EndProject
Project("{2150E333-8FDC-42A3-9474-1A3956D46DE8}") = "Tests", "Tests", "{BF247A6A-FB1C-44CA-AB4A-2DAFB22B5258}"
EndProject
Project("{2150E333-8FDC-42A3-9474-1A3956D46DE8}") = "Solution Items", "Solution Items", "{53EF825C-7603-4F46-BF71-23B72E835AF5}"
	ProjectSection(SolutionItems) = preProject
		.gitignore = .gitignore
	EndProjectSection
EndProject
Project("{9A19103F-16F7-4668-BE54-9A1E7A4F7556}") = "BestPractices.Application", "BestPractices.Application\BestPractices.Application.csproj", "{1669D50B-0A86-4A8B-BC78-ECFBF65347B1}"
EndProject
Project("{FAE04EC0-301F-11D3-BF4B-00C04F79EFBC}") = "BestPractices.Domain", "BestPractices.Domain\BestPractices.Domain.csproj", "{9CF4B095-10B0-4C50-90B0-A453AB2702E8}"
EndProject
Global
	GlobalSection(SolutionConfigurationPlatforms) = preSolution
		Debug|Any CPU = Debug|Any CPU
		Release|Any CPU = Release|Any CPU
	EndGlobalSection
	GlobalSection(ProjectConfigurationPlatforms) = postSolution
		{382CCE41-5D41-49F7-91B0-7E3080A5B08D}.Debug|Any CPU.ActiveCfg = Debug|Any CPU
		{382CCE41-5D41-49F7-91B0-7E3080A5B08D}.Debug|Any CPU.Build.0 = Debug|Any CPU
		{382CCE41-5D41-49F7-91B0-7E3080A5B08D}.Release|Any CPU.ActiveCfg = Release|Any CPU
		{382CCE41-5D41-49F7-91B0-7E3080A5B08D}.Release|Any CPU.Build.0 = Release|Any CPU
		{B8F4E5A1-64FA-4F9C-AEE1-E4E3A5281804}.Debug|Any CPU.ActiveCfg = Debug|Any CPU
		{B8F4E5A1-64FA-4F9C-AEE1-E4E3A5281804}.Debug|Any CPU.Build.0 = Debug|Any CPU
		{B8F4E5A1-64FA-4F9C-AEE1-E4E3A5281804}.Release|Any CPU.ActiveCfg = Release|Any CPU
		{B8F4E5A1-64FA-4F9C-AEE1-E4E3A5281804}.Release|Any CPU.Build.0 = Release|Any CPU
		{1FD4AD8A-309C-460C-A4DF-F37257C1ED31}.Debug|Any CPU.ActiveCfg = Debug|Any CPU
		{1FD4AD8A-309C-460C-A4DF-F37257C1ED31}.Debug|Any CPU.Build.0 = Debug|Any CPU
		{1FD4AD8A-309C-460C-A4DF-F37257C1ED31}.Release|Any CPU.ActiveCfg = Release|Any CPU
		{1FD4AD8A-309C-460C-A4DF-F37257C1ED31}.Release|Any CPU.Build.0 = Release|Any CPU
		{1669D50B-0A86-4A8B-BC78-ECFBF65347B1}.Debug|Any CPU.ActiveCfg = Debug|Any CPU
		{1669D50B-0A86-4A8B-BC78-ECFBF65347B1}.Debug|Any CPU.Build.0 = Debug|Any CPU
		{1669D50B-0A86-4A8B-BC78-ECFBF65347B1}.Release|Any CPU.ActiveCfg = Release|Any CPU
		{1669D50B-0A86-4A8B-BC78-ECFBF65347B1}.Release|Any CPU.Build.0 = Release|Any CPU
		{9CF4B095-10B0-4C50-90B0-A453AB2702E8}.Debug|Any CPU.ActiveCfg = Debug|Any CPU
		{9CF4B095-10B0-4C50-90B0-A453AB2702E8}.Debug|Any CPU.Build.0 = Debug|Any CPU
		{9CF4B095-10B0-4C50-90B0-A453AB2702E8}.Release|Any CPU.ActiveCfg = Release|Any CPU
		{9CF4B095-10B0-4C50-90B0-A453AB2702E8}.Release|Any CPU.Build.0 = Release|Any CPU
	EndGlobalSection
	GlobalSection(SolutionProperties) = preSolution
		HideSolutionNode = FALSE
	EndGlobalSection
	GlobalSection(NestedProjects) = preSolution
		{382CCE41-5D41-49F7-91B0-7E3080A5B08D} = {3C83C3AB-37B1-4AEB-84C6-4CCA4B7665E1}
		{B8F4E5A1-64FA-4F9C-AEE1-E4E3A5281804} = {B4A65BEE-9C5F-4D57-A4A6-5053977EFA86}
		{1FD4AD8A-309C-460C-A4DF-F37257C1ED31} = {BF247A6A-FB1C-44CA-AB4A-2DAFB22B5258}
		{3C83C3AB-37B1-4AEB-84C6-4CCA4B7665E1} = {EF120A42-D5DD-48E5-858E-A36033AF8AB0}
		{B4A65BEE-9C5F-4D57-A4A6-5053977EFA86} = {EF120A42-D5DD-48E5-858E-A36033AF8AB0}
		{93A51B10-97EE-4FEB-8D88-8972D2FE6447} = {EF120A42-D5DD-48E5-858E-A36033AF8AB0}
		{1669D50B-0A86-4A8B-BC78-ECFBF65347B1} = {93A51B10-97EE-4FEB-8D88-8972D2FE6447}
		{9CF4B095-10B0-4C50-90B0-A453AB2702E8} = {93A51B10-97EE-4FEB-8D88-8972D2FE6447}
	EndGlobalSection
	GlobalSection(ExtensibilityGlobals) = postSolution
		SolutionGuid = {A306C59C-0214-491B-9FF8-376E07B8B2FB}
	EndGlobalSection
EndGlobal
